<?xml version="1.0" encoding="utf-8"?>
<Project ToolsVersion="4.0" xmlns="http://schemas.microsoft.com/developer/msbuild/2003">
  <ItemGroup>
    <Filter Include="Source Files">
      <UniqueIdentifier>{4FC737F1-C7A5-4376-A066-2A32D752A2FF}</UniqueIdentifier>
      <Extensions>cpp;c;cc;cxx;def;odl;idl;hpj;bat;asm;asmx</Extensions>
    </Filter>
    <Filter Include="Header Files">
      <UniqueIdentifier>{93995380-89BD-4b04-88EB-625FBE52EBFB}</UniqueIdentifier>
      <Extensions>h;hh;hpp;hxx;hm;inl;inc;xsd</Extensions>
    </Filter>
    <Filter Include="Resource Files">
      <UniqueIdentifier>{67DA6AB6-F800-4c08-8B7A-83BB121AAD01}</UniqueIdentifier>
      <Extensions>rc;ico;cur;bmp;dlg;rc2;rct;bin;rgs;gif;jpg;jpeg;jpe;resx;tiff;tif;png;wav;mfcribbon-ms</Extensions>
    </Filter>
  </ItemGroup>
  <ItemGroup>
    <ClInclude Include="allegro_lib.h">
      <Filter>Header Files</Filter>
    </ClInclude>
    <ClInclude Include="color.h">
      <Filter>Header Files</Filter>
    </ClInclude>
    <ClInclude Include="component.h">
      <Filter>Header Files</Filter>
    </ClInclude>
    <ClInclude Include="component_ball.h">
      <Filter>Header Files</Filter>
    </ClInclude>
    <ClInclude Include="component_motion.h">
      <Filter>Header Files</Filter>
    </ClInclude>
    <ClInclude Include="component_player.h">
      <Filter>Header Files</Filter>
    </ClInclude>
    <ClInclude Include="component_point.h">
      <Filter>Header Files</Filter>
    </ClInclude>
    <ClInclude Include="component_sprite.h">
      <Filter>Header Files</Filter>
    </ClInclude>
    <ClInclude Include="constants.h">
      <Filter>Header Files</Filter>
    </ClInclude>
    <ClInclude Include="context.h">
      <Filter>Header Files</Filter>
    </ClInclude>
    <ClInclude Include="engine.h">
      <Filter>Header Files</Filter>
    </ClInclude>
    <ClInclude Include="entity.h">
      <Filter>Header Files</Filter>
    </ClInclude>
    <ClInclude Include="entity_stream.h">
      <Filter>Header Files</Filter>
    </ClInclude>
    <ClInclude Include="game.h">
      <Filter>Header Files</Filter>
    </ClInclude>
    <ClInclude Include="game_multi.h">
      <Filter>Header Files</Filter>
    </ClInclude>
    <ClInclude Include="game_replay.h">
      <Filter>Header Files</Filter>
    </ClInclude>
    <ClInclude Include="game_single.h">
      <Filter>Header Files</Filter>
    </ClInclude>
    <ClInclude Include="graphics.h">
      <Filter>Header Files</Filter>
    </ClInclude>
    <ClInclude Include="system.h">
      <Filter>Header Files</Filter>
    </ClInclude>
    <ClInclude Include="system_ai.h">
      <Filter>Header Files</Filter>
    </ClInclude>
    <ClInclude Include="system_collision.h">
      <Filter>Header Files</Filter>
    </ClInclude>
    <ClInclude Include="system_eyes.h">
      <Filter>Header Files</Filter>
    </ClInclude>
    <ClInclude Include="system_input_multi.h">
      <Filter>Header Files</Filter>
    </ClInclude>
    <ClInclude Include="system_input_single.h">
      <Filter>Header Files</Filter>
    </ClInclude>
    <ClInclude Include="system_motion.h">
      <Filter>Header Files</Filter>
    </ClInclude>
    <ClInclude Include="system_output.h">
      <Filter>Header Files</Filter>
    </ClInclude>
    <ClInclude Include="system_points.h">
      <Filter>Header Files</Filter>
    </ClInclude>
    <ClInclude Include="system_render.h">
      <Filter>Header Files</Filter>
    </ClInclude>
    <ClInclude Include="system_replay.h">
      <Filter>Header Files</Filter>
    </ClInclude>
    <ClInclude Include="system_state_multi.h">
      <Filter>Header Files</Filter>
    </ClInclude>
    <ClInclude Include="system_state_single.h">
      <Filter>Header Files</Filter>
    </ClInclude>
    <ClInclude Include="tags.h">
      <Filter>Header Files</Filter>
    </ClInclude>
    <ClInclude Include="debug_file.h">
      <Filter>Header Files</Filter>
    </ClInclude>
  </ItemGroup>
  <ItemGroup>
    <ClCompile Include="allegro_lib.cpp">
      <Filter>Source Files</Filter>
    </ClCompile>
    <ClCompile Include="context.cpp">
      <Filter>Source Files</Filter>
    </ClCompile>
    <ClCompile Include="engine.cpp">
      <Filter>Source Files</Filter>
    </ClCompile>
    <ClCompile Include="entity.cpp">
      <Filter>Source Files</Filter>
    </ClCompile>
    <ClCompile Include="entity_stream.cpp">
      <Filter>Source Files</Filter>
    </ClCompile>
    <ClCompile Include="game.cpp">
      <Filter>Source Files</Filter>
    </ClCompile>
    <ClCompile Include="game_multi.cpp">
      <Filter>Source Files</Filter>
    </ClCompile>
    <ClCompile Include="game_replay.cpp">
      <Filter>Source Files</Filter>
    </ClCompile>
    <ClCompile Include="game_single.cpp">
      <Filter>Source Files</Filter>
    </ClCompile>
    <ClCompile Include="graphics.cpp">
      <Filter>Source Files</Filter>
    </ClCompile>
    <ClCompile Include="main.cpp">
      <Filter>Source Files</Filter>
    </ClCompile>
    <ClCompile Include="system_ai.cpp">
      <Filter>Source Files</Filter>
    </ClCompile>
    <ClCompile Include="system_collision.cpp">
      <Filter>Source Files</Filter>
    </ClCompile>
    <ClCompile Include="system_eyes.cpp">
      <Filter>Source Files</Filter>
    </ClCompile>
    <ClCompile Include="system_input_multi.cpp">
      <Filter>Source Files</Filter>
    </ClCompile>
    <ClCompile Include="system_input_single.cpp">
      <Filter>Source Files</Filter>
    </ClCompile>
    <ClCompile Include="system_motion.cpp">
      <Filter>Source Files</Filter>
    </ClCompile>
    <ClCompile Include="system_output.cpp">
      <Filter>Source Files</Filter>
    </ClCompile>
    <ClCompile Include="system_points.cpp">
      <Filter>Source Files</Filter>
    </ClCompile>
    <ClCompile Include="system_render.cpp">
      <Filter>Source Files</Filter>
    </ClCompile>
    <ClCompile Include="system_replay.cpp">
      <Filter>Source Files</Filter>
    </ClCompile>
    <ClCompile Include="system_state_multi.cpp">
      <Filter>Source Files</Filter>
    </ClCompile>
    <ClCompile Include="system_state_single.cpp">
      <Filter>Source Files</Filter>
    </ClCompile>
  </ItemGroup>
</Project>